{
  "lockfileVersion": 2,
  "configVersion": 0,
  "workspaces": {
    "": {
      "devDependencies": {
        "@girs/adw-1": "^4.1.0",
        "@girs/cairo-1.0": "^4.1.0",
        "@girs/clutter-18": "^4.1.0",
        "@girs/gdk-4.0": "^4.1.0",
        "@girs/gdkpixbuf-2.0": "^4.1.0",
        "@girs/gio-2.0": "^4.1.0",
        "@girs/gjs": "^4.1.0",
        "@girs/glib-2.0": "^4.1.0",
        "@girs/gnome-shell": "^50.0.4",
        "@girs/gobject-2.0": "^4.1.0",
        "@girs/gtk-4.0": "^4.1.0",
        "@girs/meta-18": "^4.1.0",
        "@girs/pango-1.0": "^4.1.0",
        "@girs/shell-18": "^4.1.0",
        "@girs/st-18": "^4.1.0",
        "@typescript-eslint/eslint-plugin": "^8.65.0",
        "@typescript-eslint/parser": "^8.65.0",
        "eslint": "^10.0.0",
        "eslint-config-google": "^0.14.0",
        "eslint-plugin-promise": "^7.3.0",
        "lefthook": "^1.11.0",
        "oxlint": "^1.78.0",
        "typescript": "^6.0.3",
      },
    },
  },
  "packages": {
    "@eslint-community/eslint-utils": ["@eslint-community/eslint-utils@4.9.1", "", { "dependencies": { "eslint-visitor-keys": "^3.4.3" }, "peerDependencies": { "eslint": "^6.0.0 || ^7.0.0 || >=8.0.0" } }, "sha512-phrYmNiYppR7znFEdqgfWHXR6NCkZEK7hwWDHZUjit/2/U0r6XvkDl0SYnoM51Hq7FhCGdLDT6zxCCOY1hexsQ=="],

    "@eslint-community/regexpp": ["@eslint-community/regexpp@4.12.2", "", {}, "sha512-EriSTlt5OC9/7SXkRSCAhfSxxoSUgBm33OH+IkwbdpgoqsSsUg7y3uh+IICI/Qg4BBWr3U2i39RpmycbxMq4ew=="],

    "@eslint/config-array": ["@eslint/config-array@0.23.5", "", { "dependencies": { "@eslint/object-schema": "^3.0.5", "debug": "^4.3.1", "minimatch": "^10.2.4" } }, "sha512-Y3kKLvC1dvTOT+oGlqNQ1XLqK6D1HU2YXPc52NmAlJZbMMWDzGYXMiPRJ8TYD39muD/OTjlZmNJ4ib7dvSrMBA=="],

    "@eslint/config-helpers": ["@eslint/config-helpers@0.6.0", "", { "dependencies": { "@eslint/core": "^1.2.1" } }, "sha512-ii6Bw9jJ2zi2cWA2Z+9/QZ/+3DX6kwaV5Q986D/CdP3Lap3w/pgQZ373FV7byY/i7L4IRH/G43I5dz1ClsCbpA=="],

    "@eslint/core": ["@eslint/core@1.2.1", "", { "dependencies": { "@types/json-schema": "^7.0.15" } }, "sha512-MwcE1P+AZ4C6DWlpin/OmOA54mmIZ/+xZuJiQd4SyB29oAJjN30UW9wkKNptW2ctp4cEsvhlLY/CsQ1uoHDloQ=="],

    "@eslint/object-schema": ["@eslint/object-schema@3.0.5", "", {}, "sha512-vqTaUEgxzm+YDSdElad6PiRoX4t8VGDjCtt05zn4nU810UIx/uNEV7/lZJ6KwFThKZOzOxzXy48da+No7HZaMw=="],

    "@eslint/plugin-kit": ["@eslint/plugin-kit@0.7.2", "", { "dependencies": { "@eslint/core": "^1.2.1", "levn": "^0.4.1" } }, "sha512-+CNAzxglkrpNf/kKywqQfk74QjtceuOE7Qm+AF8miRvPF/wmmK5+OJOgVh3AVTT3RP2mH3+FOaxlE5v72owk0A=="],

    "@girs/accountsservice-1.0": ["@girs/accountsservice-1.0@4.1.0", "", { "dependencies": { "@girs/gio-2.0": "^4.1.0", "@girs/gjs": "^4.1.0", "@girs/glib-2.0": "^4.1.0", "@girs/gmodule-2.0": "^4.1.0", "@girs/gobject-2.0": "^4.1.0" } }, "sha512-Kp8TXbun34nQJ6h0EOqmAJ8P8sd3huzJMPtdw2FOpTPzViFcUPC95fICi231Ur0FhfhH62lXZnHthifUKb01HQ=="],

    "@girs/adw-1": ["@girs/adw-1@4.1.0", "", { "dependencies": { "@girs/cairo-1.0": "^4.1.0", "@girs/freetype2-2.0": "^4.1.0", "@girs/gdk-4.0": "^4.1.0", "@girs/gdkpixbuf-2.0": "^4.1.0", "@girs/gio-2.0": "^4.1.0", "@girs/gjs": "^4.1.0", "@girs/glib-2.0": "^4.1.0", "@girs/gmodule-2.0": "^4.1.0", "@girs/gobject-2.0": "^4.1.0", "@girs/graphene-1.0": "^4.1.0", "@girs/gsk-4.0": "^4.1.0", "@girs/gtk-4.0": "^4.1.0", "@girs/harfbuzz-0.0": "^4.1.0", "@girs/pango-1.0": "^4.1.0", "@girs/pangocairo-1.0": "^4.1.0" } }, "sha512-Xv4doRXq7o9K+plUlrjl7e6ba04jtc7JS6U8JEMGZuNOL0BXsZa2lNbnLKKjUQnwzbh80EDECgyhiBkbhq7Heg=="],

    "@girs/atk-1.0": ["@girs/atk-1.0@4.1.0", "", { "dependencies": { "@girs/gjs": "^4.1.0", "@girs/glib-2.0": "^4.1.0", "@girs/gobject-2.0": "^4.1.0" } }, "sha512-GBf3Ehc56boCbDx9lOt4hMWaETgxsUZ33Bfk022BVHhvWwXd5iWFt9wQHTiFkgJcAJjmPavhkouniAbuuBwH4Q=="],

    "@girs/cairo-1.0": ["@girs/cairo-1.0@4.1.0", "", { "dependencies": { "@girs/gjs": "^4.1.0", "@girs/glib-2.0": "^4.1.0", "@girs/gobject-2.0": "^4.1.0" } }, "sha512-iCdRmpCPpQn+skaJfLsDUvSSidKgQLAsFeah5Ac5I5dRmpdwCvDTsox6wreZssfhERWcUAldtWj7wXmSzPBLKg=="],

    "@girs/clutter-18": ["@girs/clutter-18@4.1.0", "", { "dependencies": { "@girs/atk-1.0": "^4.1.0", "@girs/cairo-1.0": "^4.1.0", "@girs/cogl-18": "^4.1.0", "@girs/freetype2-2.0": "^4.1.0", "@girs/gio-2.0": "^4.1.0", "@girs/gjs": "^4.1.0", "@girs/gl-1.0": "^4.1.0", "@girs/glib-2.0": "^4.1.0", "@girs/gmodule-2.0": "^4.1.0", "@girs/gobject-2.0": "^4.1.0", "@girs/graphene-1.0": "^4.1.0", "@girs/harfbuzz-0.0": "^4.1.0", "@girs/mtk-18": "^4.1.0", "@girs/pango-1.0": "^4.1.0" } }, "sha512-1peMQVW/Uu22YoEG8Msx8lRQgOXy1Efuw2al03v6Lc0yWdAXdL8aWZ4d8p6YKAH6WTBmiMthWG60+bZqKur0Cw=="],

    "@girs/cogl-18": ["@girs/cogl-18@4.1.0", "", { "dependencies": { "@girs/gjs": "^4.1.0", "@girs/gl-1.0": "^4.1.0", "@girs/glib-2.0": "^4.1.0", "@girs/gobject-2.0": "^4.1.0", "@girs/graphene-1.0": "^4.1.0", "@girs/mtk-18": "^4.1.0" } }, "sha512-eykux7piDFKlAoNpuEdzi7FjrD3TbSNlGCUHgKkkV8NEgU0WQr+SH15yCVMJDlqR4cxH8byESOaiXginEBIgEg=="],

    "@girs/freetype2-2.0": ["@girs/freetype2-2.0@4.1.0", "", { "dependencies": { "@girs/gjs": "^4.1.0", "@girs/gobject-2.0": "^4.1.0" } }, "sha512-/+fMzCY84TrKi5wcT/EVQulM9xPhCAA5cTaZclzufA01MvasA8vrPu5zEF8qhfYbm77ro94A8P6kWpcOf1LxEQ=="],

    "@girs/gck-2": ["@girs/gck-2@4.1.0", "", { "dependencies": { "@girs/gio-2.0": "^4.1.0", "@girs/gjs": "^4.1.0", "@girs/glib-2.0": "^4.1.0", "@girs/gmodule-2.0": "^4.1.0", "@girs/gobject-2.0": "^4.1.0" } }, "sha512-jrFH1iWhkGxFG2jCS+NYzWBM6jcaNYNysA3r9AT+EWmY7kVkMeGi9ec+LSqIqjC0qU/MaHaLIZ6HU6o34zZU3Q=="],

    "@girs/gcr-4": ["@girs/gcr-4@4.1.0", "", { "dependencies": { "@girs/gck-2": "^4.1.0", "@girs/gio-2.0": "^4.1.0", "@girs/gjs": "^4.1.0", "@girs/glib-2.0": "^4.1.0", "@girs/gmodule-2.0": "^4.1.0", "@girs/gobject-2.0": "^4.1.0" } }, "sha512-gpwN7hDZDg7ZFvVKhQcRIm5BhmcprFigtn6NR5Kohsquc6YGiq70v9Xo19gmWRQMFMo3nB+mZAAjzvTbpXhCww=="],

    "@girs/gdesktopenums-3.0": ["@girs/gdesktopenums-3.0@4.1.0", "", { "dependencies": { "@girs/gjs": "^4.1.0", "@girs/gobject-2.0": "^4.1.0" } }, "sha512-itkzeTHIezAVpuQgqDPKPPt00KOUZRPPdQBU4Ac/4/nKZTcmKwPFfLgQjgkcX1V4UQYknvGFoEY2E8X2tJagiQ=="],

    "@girs/gdk-4.0": ["@girs/gdk-4.0@4.1.0", "", { "dependencies": { "@girs/cairo-1.0": "^4.1.0", "@girs/freetype2-2.0": "^4.1.0", "@girs/gdkpixbuf-2.0": "^4.1.0", "@girs/gio-2.0": "^4.1.0", "@girs/gjs": "^4.1.0", "@girs/glib-2.0": "^4.1.0", "@girs/gmodule-2.0": "^4.1.0", "@girs/gobject-2.0": "^4.1.0", "@girs/harfbuzz-0.0": "^4.1.0", "@girs/pango-1.0": "^4.1.0", "@girs/pangocairo-1.0": "^4.1.0" } }, "sha512-Wf7ZaDS2e+DUJwEBVn/DQux42b2KQYNhWeaheK7nx5Ia6Y/w3Xpm/yqqYJh+KnZ+y8IgypjpscjL4qBkr944rw=="],

    "@girs/gdkpixbuf-2.0": ["@girs/gdkpixbuf-2.0@4.1.0", "", { "dependencies": { "@girs/gio-2.0": "^4.1.0", "@girs/gjs": "^4.1.0", "@girs/glib-2.0": "^4.1.0", "@girs/gmodule-2.0": "^4.1.0", "@girs/gobject-2.0": "^4.1.0" } }, "sha512-i89aPIgZPSD1/UNH5PlsT7660HtqfPu8eU5TeSedUV7H5kCWXRO11SqbRpGJoa3ScMu8UU0LOkgFB1f1x0QefA=="],

    "@girs/gdm-1.0": ["@girs/gdm-1.0@4.1.0", "", { "dependencies": { "@girs/gio-2.0": "^4.1.0", "@girs/gjs": "^4.1.0", "@girs/glib-2.0": "^4.1.0", "@girs/gmodule-2.0": "^4.1.0", "@girs/gobject-2.0": "^4.1.0" } }, "sha512-JwIbQx1ABn0FSahUCXFyTrPkF7W38z6wyx2ydW+5ge5j2YKJTmadFd+/vK4BKyJgwkH9IjseLeWXzUrhQurBKQ=="],

    "@girs/gio-2.0": ["@girs/gio-2.0@4.1.0", "", { "dependencies": { "@girs/gjs": "^4.1.0", "@girs/glib-2.0": "^4.1.0", "@girs/gmodule-2.0": "^4.1.0", "@girs/gobject-2.0": "^4.1.0" } }, "sha512-irRUpGEOHknlk4TNoOlAaBCg/jCGZKZv8Ulr23mmqf+MTI6ygDcbJY6bdHAf5dZfbgkOXjhXRl753j8F850W9Q=="],

    "@girs/giounix-2.0": ["@girs/giounix-2.0@4.1.0", "", { "dependencies": { "@girs/gio-2.0": "^4.1.0", "@girs/gjs": "^4.1.0", "@girs/glib-2.0": "^4.1.0", "@girs/gmodule-2.0": "^4.1.0", "@girs/gobject-2.0": "^4.1.0" } }, "sha512-e3JbHrw+MDbY4NzgMAIh7OUkA7bRfe8AuivklDPNF4b42q+ROyY2A1FZ+wYWGDYuRcjj8vokgDYIJ9hFy1wbAQ=="],

    "@girs/gjs": ["@girs/gjs@4.1.0", "", { "dependencies": { "@girs/cairo-1.0": "^4.1.0", "@girs/gio-2.0": "^4.1.0", "@girs/glib-2.0": "^4.1.0", "@girs/gobject-2.0": "^4.1.0" } }, "sha512-fF6beHhI/DW/4WF2JVDRVpjnWuae93euyr4NXOOTNXwaatDxbMB21jte+b0+Qc7eUEqjIUhV10Hq6ztl4hKWQg=="],

    "@girs/gl-1.0": ["@girs/gl-1.0@4.1.0", "", { "dependencies": { "@girs/gjs": "^4.1.0", "@girs/gobject-2.0": "^4.1.0" } }, "sha512-DO2ibBPLGJe9IRWjQQ1zR7bVjk6yBWsvnN1W1fCweNItavJ2+fwTkyo8uHUnYtn5X2FIlx+drkO8VggFnbwdVA=="],

    "@girs/glib-2.0": ["@girs/glib-2.0@4.1.0", "", { "dependencies": { "@girs/gjs": "^4.1.0", "@girs/gobject-2.0": "^4.1.0" } }, "sha512-1OeIRobL8UEPP5HXD+lwEgM3643aof+mJ6GJD6TMtzuI9ZbuVyS9MJjQopHW+YrRSLAZwfSQXm2WipA3p3EZmg=="],

    "@girs/gmodule-2.0": ["@girs/gmodule-2.0@4.1.0", "", { "dependencies": { "@girs/gjs": "^4.1.0", "@girs/glib-2.0": "^4.1.0", "@girs/gobject-2.0": "^4.1.0" } }, "sha512-yOFTdnvD61ohMDk12T2Rhcve6vP4/vZpwb/0iQYLu4ZOTD6cazMEdpM+ncZSj8beffbRqTfd7H81HNAriVVm5Q=="],

    "@girs/gnome-shell": ["@girs/gnome-shell@50.0.4", "", { "dependencies": { "@girs/accountsservice-1.0": "^4.1.0", "@girs/adw-1": "^4.1.0", "@girs/atk-1.0": "^4.1.0", "@girs/clutter-18": "^4.1.0", "@girs/cogl-18": "^4.1.0", "@girs/gcr-4": "^4.1.0", "@girs/gdm-1.0": "^4.1.0", "@girs/gio-2.0": "^4.1.0", "@girs/giounix-2.0": "^4.1.0", "@girs/gjs": "^4.1.0", "@girs/glib-2.0": "^4.1.0", "@girs/gnomebg-4.0": "^4.1.0", "@girs/gnomebluetooth-3.0": "^4.1.0", "@girs/gnomedesktop-4.0": "^4.1.0", "@girs/gobject-2.0": "^4.1.0", "@girs/gtk-4.0": "^4.1.0", "@girs/gvc-1.0": "^4.1.0", "@girs/meta-18": "^4.1.0", "@girs/mtk-18": "^4.1.0", "@girs/polkit-1.0": "^4.1.0", "@girs/shell-18": "^4.1.0", "@girs/shew-0": "^4.1.0", "@girs/st-18": "^4.1.0", "@girs/upowerglib-1.0": "^4.1.0" } }, "sha512-69phtdJHMPUBxVRDqfE4JWSZeauTIl0zFuILMIkJbqyHOb1U9sxN7yN59x+pJWGxVTktFz/Y9uXKjDzOcHlYFA=="],

    "@girs/gnomebg-4.0": ["@girs/gnomebg-4.0@4.1.0", "", { "dependencies": { "@girs/cairo-1.0": "^4.1.0", "@girs/freetype2-2.0": "^4.1.0", "@girs/gdesktopenums-3.0": "^4.1.0", "@girs/gdk-4.0": "^4.1.0", "@girs/gdkpixbuf-2.0": "^4.1.0", "@girs/gio-2.0": "^4.1.0", "@girs/gjs": "^4.1.0", "@girs/glib-2.0": "^4.1.0", "@girs/gmodule-2.0": "^4.1.0", "@girs/gnomedesktop-4.0": "^4.1.0", "@girs/gobject-2.0": "^4.1.0", "@girs/harfbuzz-0.0": "^4.1.0", "@girs/pango-1.0": "^4.1.0", "@girs/pangocairo-1.0": "^4.1.0" } }, "sha512-9uha/ow4xAEqTiUkd0ew3vRlYTz3YHSG3HMQiGcVYdE/pWHFHjXQ5pToOIyQoDLL+HhoFy7XCUCCBxkgTuSk7w=="],

    "@girs/gnomebluetooth-3.0": ["@girs/gnomebluetooth-3.0@4.1.0", "", { "dependencies": { "@girs/gio-2.0": "^4.1.0", "@girs/gjs": "^4.1.0", "@girs/glib-2.0": "^4.1.0", "@girs/gmodule-2.0": "^4.1.0", "@girs/gobject-2.0": "^4.1.0" } }, "sha512-V0Lo4JE0jotRbXZume/ZpoxUDyX8u1Iw8TD7i26iaMcsTQkNaEJdoNZfhL2WVW1rTU4pwkHD8IGJ2jZLTGInhA=="],

    "@girs/gnomedesktop-4.0": ["@girs/gnomedesktop-4.0@4.1.0", "", { "dependencies": { "@girs/gdesktopenums-3.0": "^4.1.0", "@girs/gdkpixbuf-2.0": "^4.1.0", "@girs/gio-2.0": "^4.1.0", "@girs/gjs": "^4.1.0", "@girs/glib-2.0": "^4.1.0", "@girs/gmodule-2.0": "^4.1.0", "@girs/gobject-2.0": "^4.1.0" } }, "sha512-Rh1kcycDgjI29sjuP+72SODLEqYKxVAZ+FV5DUBmDOVjfNLTlIPPM/1bsTvsqrZxpvZ3ISBPZlsMg7pxLrPWxw=="],

    "@girs/gobject-2.0": ["@girs/gobject-2.0@4.1.0", "", { "dependencies": { "@girs/gjs": "^4.1.0", "@girs/glib-2.0": "^4.1.0" } }, "sha512-5hPKlUOe8WdFQ6/uMS/0FEKC60ZNNJryIv9Qd4QB1jJkTHiah9TSQH4QVZNF14lQDxxYjAIgY8mcchGL2+bteA=="],

    "@girs/graphene-1.0": ["@girs/graphene-1.0@4.1.0", "", { "dependencies": { "@girs/gjs": "^4.1.0", "@girs/glib-2.0": "^4.1.0", "@girs/gobject-2.0": "^4.1.0" } }, "sha512-fCwGsfj7wryyakZ9RzLT9+LS59nk9IDVd0OEsK15njhGqTEQ0/96MiFHvyVhCnjcU1ifgz/PdY5uGqKnLXth1g=="],

    "@girs/gsk-4.0": ["@girs/gsk-4.0@4.1.0", "", { "dependencies": { "@girs/cairo-1.0": "^4.1.0", "@girs/freetype2-2.0": "^4.1.0", "@girs/gdk-4.0": "^4.1.0", "@girs/gdkpixbuf-2.0": "^4.1.0", "@girs/gio-2.0": "^4.1.0", "@girs/gjs": "^4.1.0", "@girs/glib-2.0": "^4.1.0", "@girs/gmodule-2.0": "^4.1.0", "@girs/gobject-2.0": "^4.1.0", "@girs/graphene-1.0": "^4.1.0", "@girs/harfbuzz-0.0": "^4.1.0", "@girs/pango-1.0": "^4.1.0", "@girs/pangocairo-1.0": "^4.1.0" } }, "sha512-wwgerEraNWX/sXiOnh3q2HrCC+kkdh2W8dXbP40eSEMmanIcXe7sC4nyDHSor1mp3y3XPvpS0BdiNfl4fxWx6A=="],

    "@girs/gtk-4.0": ["@girs/gtk-4.0@4.1.0", "", { "dependencies": { "@girs/cairo-1.0": "^4.1.0", "@girs/freetype2-2.0": "^4.1.0", "@girs/gdk-4.0": "^4.1.0", "@girs/gdkpixbuf-2.0": "^4.1.0", "@girs/gio-2.0": "^4.1.0", "@girs/gjs": "^4.1.0", "@girs/glib-2.0": "^4.1.0", "@girs/gmodule-2.0": "^4.1.0", "@girs/gobject-2.0": "^4.1.0", "@girs/graphene-1.0": "^4.1.0", "@girs/gsk-4.0": "^4.1.0", "@girs/harfbuzz-0.0": "^4.1.0", "@girs/pango-1.0": "^4.1.0", "@girs/pangocairo-1.0": "^4.1.0" } }, "sha512-4stUvqZtBE3Fv6qhPF6yVVNhVgm9M5HD3WqTXEVxN3GmR8GtBTBSORHYPYSURQzfTASaHlctMmfg5II2A/KFVQ=="],

    "@girs/gvc-1.0": ["@girs/gvc-1.0@4.1.0", "", { "dependencies": { "@girs/gio-2.0": "^4.1.0", "@girs/gjs": "^4.1.0", "@girs/glib-2.0": "^4.1.0", "@girs/gmodule-2.0": "^4.1.0", "@girs/gobject-2.0": "^4.1.0" } }, "sha512-L+y6qJUxw5IhrO45UipRrWoUInW1t0zhcHWfpw2ageZVTlEqaSsdk82dNPAElmNqRvcKUZUrgZLwJEWx+A2fUg=="],

    "@girs/harfbuzz-0.0": ["@girs/harfbuzz-0.0@4.1.0", "", { "dependencies": { "@girs/freetype2-2.0": "^4.1.0", "@girs/gjs": "^4.1.0", "@girs/glib-2.0": "^4.1.0", "@girs/gobject-2.0": "^4.1.0" } }, "sha512-370ny6RjcbGFRk6/50AFpCPteWgEN1y+2MyLXwSXGV0duJNlHBHOTtnuPTHkv+gGxp+s3/YTaQWa5UGzkVYN8g=="],

    "@girs/meta-18": ["@girs/meta-18@4.1.0", "", { "dependencies": { "@girs/atk-1.0": "^4.1.0", "@girs/cairo-1.0": "^4.1.0", "@girs/clutter-18": "^4.1.0", "@girs/cogl-18": "^4.1.0", "@girs/freetype2-2.0": "^4.1.0", "@girs/gdesktopenums-3.0": "^4.1.0", "@girs/gio-2.0": "^4.1.0", "@girs/gjs": "^4.1.0", "@girs/gl-1.0": "^4.1.0", "@girs/glib-2.0": "^4.1.0", "@girs/gmodule-2.0": "^4.1.0", "@girs/gobject-2.0": "^4.1.0", "@girs/graphene-1.0": "^4.1.0", "@girs/harfbuzz-0.0": "^4.1.0", "@girs/mtk-18": "^4.1.0", "@girs/pango-1.0": "^4.1.0", "@girs/xfixes-4.0": "^4.1.0", "@girs/xlib-2.0": "^4.1.0" } }, "sha512-KjEMVcOK6ny0nxxsdWI5RrxOSuhj7zh6mrH2EttaXbloqaLmbOCc2bhh61P7zjkhpanattuiEB8x+u3JQjj0tQ=="],

    "@girs/mtk-18": ["@girs/mtk-18@4.1.0", "", { "dependencies": { "@girs/gjs": "^4.1.0", "@girs/glib-2.0": "^4.1.0", "@girs/gobject-2.0": "^4.1.0", "@girs/graphene-1.0": "^4.1.0" } }, "sha512-6Jc6i+g/CRbjskXUw8pwLxfLb4/YVsXrWZy6W4QWgbZzJAxIEZqCBCEhMKSJEcpuyfY382wOpEAGAZCYgHGxrw=="],

    "@girs/nm-1.0": ["@girs/nm-1.0@4.1.0", "", { "dependencies": { "@girs/gio-2.0": "^4.1.0", "@girs/gjs": "^4.1.0", "@girs/glib-2.0": "^4.1.0", "@girs/gmodule-2.0": "^4.1.0", "@girs/gobject-2.0": "^4.1.0" } }, "sha512-ggBoqJ1bBeqWUMkoZTMGgTVVB5FWZk3Wm+bVUzMvrcOEhriS4XiToxvtOZ4SyObvNMaUvYku/pIAADxpVTWacg=="],

    "@girs/pango-1.0": ["@girs/pango-1.0@4.1.0", "", { "dependencies": { "@girs/cairo-1.0": "^4.1.0", "@girs/freetype2-2.0": "^4.1.0", "@girs/gio-2.0": "^4.1.0", "@girs/gjs": "^4.1.0", "@girs/glib-2.0": "^4.1.0", "@girs/gmodule-2.0": "^4.1.0", "@girs/gobject-2.0": "^4.1.0", "@girs/harfbuzz-0.0": "^4.1.0" } }, "sha512-hHDkTA1fyEDsfn4z2q8xDszXS3PgAqcKEjpFL4Xy0w70+JGW+704uxdi5qLRsi/wfjo6bc5K1v2pNsg3yYLiCg=="],

    "@girs/pangocairo-1.0": ["@girs/pangocairo-1.0@4.1.0", "", { "dependencies": { "@girs/cairo-1.0": "^4.1.0", "@girs/freetype2-2.0": "^4.1.0", "@girs/gio-2.0": "^4.1.0", "@girs/gjs": "^4.1.0", "@girs/glib-2.0": "^4.1.0", "@girs/gmodule-2.0": "^4.1.0", "@girs/gobject-2.0": "^4.1.0", "@girs/harfbuzz-0.0": "^4.1.0", "@girs/pango-1.0": "^4.1.0" } }, "sha512-F1C18l6cQN8xCz4M+1zarllpMRkpPjlZcYiWVA9lTPDZnyfr47JAZGTBQUo/iayKfABMO1BHxeBJqOP2e87S3g=="],

    "@girs/polkit-1.0": ["@girs/polkit-1.0@4.1.0", "", { "dependencies": { "@girs/gio-2.0": "^4.1.0", "@girs/gjs": "^4.1.0", "@girs/glib-2.0": "^4.1.0", "@girs/gmodule-2.0": "^4.1.0", "@girs/gobject-2.0": "^4.1.0" } }, "sha512-lYyv3udRMc9umEBDCB9YlbVKdaIn/CGxGe7EOxI7HzX0/aMbWMHI6XfhDHYwyrcmnIDD0BviVZxPOaYDXTTimA=="],

    "@girs/polkitagent-1.0": ["@girs/polkitagent-1.0@4.1.0", "", { "dependencies": { "@girs/gio-2.0": "^4.1.0", "@girs/gjs": "^4.1.0", "@girs/glib-2.0": "^4.1.0", "@girs/gmodule-2.0": "^4.1.0", "@girs/gobject-2.0": "^4.1.0", "@girs/polkit-1.0": "^4.1.0" } }, "sha512-RYY7dceP+HQkOAaCM3uucmLsnnp4lNRxVH4PTxQE/yDt46mG2YjWE+pb7ksoZph4LWcMgaOhUKpLEJdNtULLRQ=="],

    "@girs/shell-18": ["@girs/shell-18@4.1.0", "", { "dependencies": { "@girs/atk-1.0": "^4.1.0", "@girs/cairo-1.0": "^4.1.0", "@girs/clutter-18": "^4.1.0", "@girs/cogl-18": "^4.1.0", "@girs/freetype2-2.0": "^4.1.0", "@girs/gck-2": "^4.1.0", "@girs/gcr-4": "^4.1.0", "@girs/gdesktopenums-3.0": "^4.1.0", "@girs/gdkpixbuf-2.0": "^4.1.0", "@girs/gio-2.0": "^4.1.0", "@girs/giounix-2.0": "^4.1.0", "@girs/gjs": "^4.1.0", "@girs/gl-1.0": "^4.1.0", "@girs/glib-2.0": "^4.1.0", "@girs/gmodule-2.0": "^4.1.0", "@girs/gobject-2.0": "^4.1.0", "@girs/graphene-1.0": "^4.1.0", "@girs/gvc-1.0": "^4.1.0", "@girs/harfbuzz-0.0": "^4.1.0", "@girs/meta-18": "^4.1.0", "@girs/mtk-18": "^4.1.0", "@girs/nm-1.0": "^4.1.0", "@girs/pango-1.0": "^4.1.0", "@girs/polkit-1.0": "^4.1.0", "@girs/polkitagent-1.0": "^4.1.0", "@girs/st-18": "^4.1.0", "@girs/xfixes-4.0": "^4.1.0", "@girs/xlib-2.0": "^4.1.0" } }, "sha512-AGFHEDHTeYryprLkhYZdQTQVrbIgpA0qJTvXDnN+aeIL5wE34OBI9/GjxnQM34i6r/3t1uiDkgYeElOQ54vH1A=="],

    "@girs/shew-0": ["@girs/shew-0@4.1.0", "", { "dependencies": { "@girs/cairo-1.0": "^4.1.0", "@girs/freetype2-2.0": "^4.1.0", "@girs/gdk-4.0": "^4.1.0", "@girs/gdkpixbuf-2.0": "^4.1.0", "@girs/gio-2.0": "^4.1.0", "@girs/gjs": "^4.1.0", "@girs/glib-2.0": "^4.1.0", "@girs/gmodule-2.0": "^4.1.0", "@girs/gobject-2.0": "^4.1.0", "@girs/graphene-1.0": "^4.1.0", "@girs/gsk-4.0": "^4.1.0", "@girs/gtk-4.0": "^4.1.0", "@girs/harfbuzz-0.0": "^4.1.0", "@girs/pango-1.0": "^4.1.0", "@girs/pangocairo-1.0": "^4.1.0" } }, "sha512-ErZ+tzi9SQBHIqOD+Arprk7iFw8cweQmp2aXQe4yol2i6cj8VbSow2OinjgBBJzoHGyPCKCuIQLzjDEzTWKIig=="],

    "@girs/st-18": ["@girs/st-18@4.1.0", "", { "dependencies": { "@girs/atk-1.0": "^4.1.0", "@girs/cairo-1.0": "^4.1.0", "@girs/clutter-18": "^4.1.0", "@girs/cogl-18": "^4.1.0", "@girs/freetype2-2.0": "^4.1.0", "@girs/gdesktopenums-3.0": "^4.1.0", "@girs/gdkpixbuf-2.0": "^4.1.0", "@girs/gio-2.0": "^4.1.0", "@girs/gjs": "^4.1.0", "@girs/gl-1.0": "^4.1.0", "@girs/glib-2.0": "^4.1.0", "@girs/gmodule-2.0": "^4.1.0", "@girs/gobject-2.0": "^4.1.0", "@girs/graphene-1.0": "^4.1.0", "@girs/harfbuzz-0.0": "^4.1.0", "@girs/meta-18": "^4.1.0", "@girs/mtk-18": "^4.1.0", "@girs/pango-1.0": "^4.1.0", "@girs/xfixes-4.0": "^4.1.0", "@girs/xlib-2.0": "^4.1.0" } }, "sha512-Ki/B94KToCbl19nU3q1RaPcwU2X3jswBXZhSRFA+8envBdFRWvXaIxEyB9rL9dK5TlO17/MygdCc3cdBmmc4jA=="],

    "@girs/upowerglib-1.0": ["@girs/upowerglib-1.0@4.1.0", "", { "dependencies": { "@girs/gio-2.0": "^4.1.0", "@girs/gjs": "^4.1.0", "@girs/glib-2.0": "^4.1.0", "@girs/gmodule-2.0": "^4.1.0", "@girs/gobject-2.0": "^4.1.0" } }, "sha512-GLLY6HiRPD0LainaJc442l3Vf/vSu2cii5IYK36BvGjOSx712cp5d4/Xb80a/TA9/Jrbqr3tO8j8rzNjGRrmAw=="],

    "@girs/xfixes-4.0": ["@girs/xfixes-4.0@4.1.0", "", { "dependencies": { "@girs/gjs": "^4.1.0", "@girs/gobject-2.0": "^4.1.0" } }, "sha512-WiS3TneSclpsUHcgXsU5Gj3LOcxiYeT8h2FM4PbOVarOGfMMNTdxDWp3kJdRuuUboKaepLCGSZY3MN53YtT6jA=="],

    "@girs/xlib-2.0": ["@girs/xlib-2.0@4.1.0", "", { "dependencies": { "@girs/gjs": "^4.1.0", "@girs/gobject-2.0": "^4.1.0" } }, "sha512-dLV0ObD16/+909MXi41ccYZqeh5G8uvi4uSzaX4H++kgOOA0D81PBacPjxLEEGizbLw/rzf46elwy6OHyjc/8Q=="],

    "@humanfs/core": ["@humanfs/core@0.19.2", "", { "dependencies": { "@humanfs/types": "^0.15.0" } }, "sha512-UhXNm+CFMWcbChXywFwkmhqjs3PRCmcSa/hfBgLIb7oQ5HNb1wS0icWsGtSAUNgefHeI+eBrA8I1fxmbHsGdvA=="],

    "@humanfs/node": ["@humanfs/node@0.16.8", "", { "dependencies": { "@humanfs/core": "^0.19.2", "@humanfs/types": "^0.15.0", "@humanwhocodes/retry": "^0.4.0" } }, "sha512-gE1eQNZ3R++kTzFUpdGlpmy8kDZD/MLyHqDwqjkVQI0JMdI1D51sy1H958PNXYkM2rAac7e5/CnIKZrHtPh3BQ=="],

    "@humanfs/types": ["@humanfs/types@0.15.0", "", {}, "sha512-ZZ1w0aoQkwuUuC7Yf+7sdeaNfqQiiLcSRbfI08oAxqLtpXQr9AIVX7Ay7HLDuiLYAaFPu8oBYNq/QIi9URHJ3Q=="],

    "@humanwhocodes/module-importer": ["@humanwhocodes/module-importer@1.0.1", "", {}, "sha512-bxveV4V8v5Yb4ncFTT3rPSgZBOpCkjfK0y4oVVVJwIuDVBRMDXrPyXRL988i5ap9m9bnyEEjWfm5WkBmtffLfA=="],

    "@humanwhocodes/retry": ["@humanwhocodes/retry@0.4.3", "", {}, "sha512-bV0Tgo9K4hfPCek+aMAn81RppFKv2ySDQeMoSZuvTASywNTnVJCArCZE2FWqpvIatKu7VMRLWlR1EazvVhDyhQ=="],

    "@oxlint/binding-android-arm-eabi": ["@oxlint/binding-android-arm-eabi@1.78.0", "", { "os": "android", "cpu": "arm" }, "sha512-Bu819lmAfZMUHErrpe0cEWj3iaefuUODHSU8+UbXy67V/r7/7f4K3FL0NmbD85E+wiFLDYuhP8Zlv0XnVeXshw=="],

    "@oxlint/binding-android-arm64": ["@oxlint/binding-android-arm64@1.78.0", "", { "os": "android", "cpu": "arm64" }, "sha512-CDfxZgB61B7buRdY2FJoAYYPPXCZ1EoC1LKscnC5dg3kjobdxiconvAvvN1BmHyW4PyFT3jRLDag/BY/roSNBQ=="],

    "@oxlint/binding-darwin-arm64": ["@oxlint/binding-darwin-arm64@1.78.0", "", { "os": "darwin", "cpu": "arm64" }, "sha512-2Y2U9Ahrz+OO0Ej88f9SJYq51/jUBp1Mc7iZu0ukrbeeZ3gpRGfzIFnoqfHDY96xr0GEfNrPUBFEy0nN5aD7HA=="],

    "@oxlint/binding-darwin-x64": ["@oxlint/binding-darwin-x64@1.78.0", "", { "os": "darwin", "cpu": "x64" }, "sha512-rpych6eJq6m9jDRypTEaPD1xysaEW5h9+xuxhGK/QhOg+/xaqPZrCrTNoIl/f3nEjuJeCEmstNDlrE9rJi/3/g=="],

    "@oxlint/binding-freebsd-x64": ["@oxlint/binding-freebsd-x64@1.78.0", "", { "os": "freebsd", "cpu": "x64" }, "sha512-IcMGrQT3QizkOESUJd5et+rOhVqSkNDfNik1cvrKDqIbzqx9KMtRswpFgkCuNTSwylCFLKhGUu8KmqY1ZnC0Dg=="],

    "@oxlint/binding-linux-arm-gnueabihf": ["@oxlint/binding-linux-arm-gnueabihf@1.78.0", "", { "os": "linux", "cpu": "arm" }, "sha512-/uLdoJ0IXE6vo/0f0LKjinQAp+re+VMaCWaNT8ENIv2EOCkSsc8SGaflXAuW0Jua2dq5+GLVWm1NQK7P3UFSNQ=="],

    "@oxlint/binding-linux-arm-musleabihf": ["@oxlint/binding-linux-arm-musleabihf@1.78.0", "", { "os": "linux", "cpu": "arm" }, "sha512-7xi4Wb/O8NRJhLoUXmDJMUVpNYvB5kefdhFU1Jb8rtae4QoXlTiLwI14X4YvAXVZLNZChP8m5qO9SQAlWQTbkQ=="],

    "@oxlint/binding-linux-arm64-gnu": ["@oxlint/binding-linux-arm64-gnu@1.78.0", "", { "os": "linux", "cpu": "arm64" }, "sha512-4hFW0+fVXa3OIh1Y4A5SPkmvI4wuuBSrCVKzOyE7PTjhc7yEqZ1pmvEEeS5Lj/MaqvegFxXyF33N+6jkehxdyg=="],

    "@oxlint/binding-linux-arm64-musl": ["@oxlint/binding-linux-arm64-musl@1.78.0", "", { "os": "linux", "cpu": "arm64" }, "sha512-oC0mvsgBJjlMijSDEhx9KuvR9zYeHXceA9MjbuXB1F8NSR78Yj2unOBrstEvTVaq+pko+kuue6DajC00eqvTdg=="],

    "@oxlint/binding-linux-ppc64-gnu": ["@oxlint/binding-linux-ppc64-gnu@1.78.0", "", { "os": "linux", "cpu": "ppc64" }, "sha512-XAllT5SUZS+ohjuZ3/5S0cwe0r7eboiuigeStCZ5DXRYx/2KVM2UvQXvAfyzXEimtQjAB7cDQ2YxDe2Zl2WNQQ=="],

    "@oxlint/binding-linux-riscv64-gnu": ["@oxlint/binding-linux-riscv64-gnu@1.78.0", "", { "os": "linux", "cpu": "none" }, "sha512-trucMER/0QtecoXvc1y/UVqE3kwJipDwrx4oHfj+nNm3dq2zjP44WT0CfHNDPM3G1DXIkx/gY6lAD21NSCZVhA=="],

    "@oxlint/binding-linux-riscv64-musl": ["@oxlint/binding-linux-riscv64-musl@1.78.0", "", { "os": "linux", "cpu": "none" }, "sha512-cm3O4F/HQbdzOUX5mKHqG5KDL6E5w0pnlZ+fbBy2rmLryPOowkuLagFHTopQsEIpjcaZoPOrL+BmmAytAG9HFg=="],

    "@oxlint/binding-linux-s390x-gnu": ["@oxlint/binding-linux-s390x-gnu@1.78.0", "", { "os": "linux", "cpu": "s390x" }, "sha512-33wRf6HqGNsybJ3qX4cGaQN2ODPxNmc1rMa0mrTmx3eFq1VzOnvQooi9bIGVYakW8a/wmqVx1mgsUm8R2xfTiw=="],

    "@oxlint/binding-linux-x64-gnu": ["@oxlint/binding-linux-x64-gnu@1.78.0", "", { "os": "linux", "cpu": "x64" }, "sha512-rRdISSYegj6VganMZ9tjRjijowfHJ09IZU01i0toBAqr6n5LEtwHq2IeS4FjW2RoskOHlb6efB26H5izYb3GEQ=="],

    "@oxlint/binding-linux-x64-musl": ["@oxlint/binding-linux-x64-musl@1.78.0", "", { "os": "linux", "cpu": "x64" }, "sha512-GmsP4rW0xTL6u5CVdcDsaN5Fbc7hBc382Wmar1kttbnwSEviM+rSINKOMQ+UQ6iH+AGwC+8gaAiwu134Tgh6Lg=="],

    "@oxlint/binding-openharmony-arm64": ["@oxlint/binding-openharmony-arm64@1.78.0", "", { "os": "none", "cpu": "arm64" }, "sha512-sy9yeYuADc8a+n4TLBayzMCZiHPW78DcIFVpOXTmdKHWQeM9xe5uzkqIIZmi326D5hY9XVwacipEB1p7tQjPAg=="],

    "@oxlint/binding-win32-arm64-msvc": ["@oxlint/binding-win32-arm64-msvc@1.78.0", "", { "os": "win32", "cpu": "arm64" }, "sha512-rjc2hF1KfMi8fZj1X/m3AmnHbdsF3rL0v6KQg0Uc880Yb2khjz+3U14sfdZ7jWTpRnN1m1NQa/TT7uU9lJWPrA=="],

    "@oxlint/binding-win32-ia32-msvc": ["@oxlint/binding-win32-ia32-msvc@1.78.0", "", { "os": "win32", "cpu": "ia32" }, "sha512-zcuXFVrEFHIafRfkCQT8w/Xe41o07ozl/vwHq7p94vB29xVzsB0sZGYORU1jhcYKv3Lr0J3HbJ2T4fHH5rWmvA=="],

    "@oxlint/binding-win32-x64-msvc": ["@oxlint/binding-win32-x64-msvc@1.78.0", "", { "os": "win32", "cpu": "x64" }, "sha512-Sb5ocmLSuYeOuXd+CFOToGKp/gjXUEWDnvIGwhnh8aq8wY4TMmEnKnvbogSW7RdMZv77JSARduS7/gv+khYEjA=="],

    "@types/esrecurse": ["@types/esrecurse@4.3.1", "", {}, "sha512-xJBAbDifo5hpffDBuHl0Y8ywswbiAp/Wi7Y/GtAgSlZyIABppyurxVueOPE8LUQOxdlgi6Zqce7uoEpqNTeiUw=="],

    "@types/estree": ["@types/estree@1.0.9", "", {}, "sha512-GhdPgy1el4/ImP05X05Uw4cw2/M93BCUmnEvWZNStlCzEKME4Fkk+YpoA5OiHNQmoS7Cafb8Xa3Pya8m1Qrzeg=="],

    "@types/json-schema": ["@types/json-schema@7.0.15", "", {}, "sha512-5+fP8P8MFNC+AyZCDxrB2pkZFPGzqQWUzpSeuuVLvm8VMcorNYavBqoFcxK8bQz4Qsbn4oUEEem4wDLfcysGHA=="],

    "@typescript-eslint/eslint-plugin": ["@typescript-eslint/eslint-plugin@8.65.0", "", { "dependencies": { "@eslint-community/regexpp": "^4.12.2", "@typescript-eslint/scope-manager": "8.65.0", "@typescript-eslint/type-utils": "8.65.0", "@typescript-eslint/utils": "8.65.0", "@typescript-eslint/visitor-keys": "8.65.0", "ignore": "^7.0.5", "natural-compare": "^1.4.0", "ts-api-utils": "^2.5.0" }, "peerDependencies": { "@typescript-eslint/parser": "^8.65.0", "eslint": "^8.57.0 || ^9.0.0 || ^10.0.0", "typescript": ">=4.8.4 <6.1.0" } }, "sha512-IEgob78X12rHpUmtcwFsXhZdVGJtwTVP8FiCLZkR6GlYVrl2PcuB+KhCE5BlVC/eQpQnu8WXRtkHZuPar+gCRA=="],

    "@typescript-eslint/parser": ["@typescript-eslint/parser@8.65.0", "", { "dependencies": { "@typescript-eslint/scope-manager": "8.65.0", "@typescript-eslint/types": "8.65.0", "@typescript-eslint/typescript-estree": "8.65.0", "@typescript-eslint/visitor-keys": "8.65.0", "debug": "^4.4.3" }, "peerDependencies": { "eslint": "^8.57.0 || ^9.0.0 || ^10.0.0", "typescript": ">=4.8.4 <6.1.0" } }, "sha512-CZ4nMxWwgu1HEEFNkeaCptra9QCtkmKdgf3sWh1rl1trIhmxLilgTV4cwcbQ4wemnT4sWQN8CaKOmdYx+g2gMA=="],

    "@typescript-eslint/project-service": ["@typescript-eslint/project-service@8.65.0", "", { "dependencies": { "@typescript-eslint/tsconfig-utils": "^8.65.0", "@typescript-eslint/types": "^8.65.0", "debug": "^4.4.3" }, "peerDependencies": { "typescript": ">=4.8.4 <6.1.0" } }, "sha512-SxnPhbTsGahizDgbu7oqFH/xVtzIqMd/s+WtnSxNxJZJpLbdT5IPdzg8EZxO3+PoKahXmwJLeNQOpKJb3/bi7Q=="],

    "@typescript-eslint/scope-manager": ["@typescript-eslint/scope-manager@8.65.0", "", { "dependencies": { "@typescript-eslint/types": "8.65.0", "@typescript-eslint/visitor-keys": "8.65.0" } }, "sha512-Esbl8OSYiVxBokYgWPf7VVWg/BE798wXhimnn9ML9Pt5qoDf8bfQlgjlKXR/k98+AcNzlLKYrpCcrcuZ9DZLgg=="],

    "@typescript-eslint/tsconfig-utils": ["@typescript-eslint/tsconfig-utils@8.65.0", "", { "peerDependencies": { "typescript": ">=4.8.4 <6.1.0" } }, "sha512-j6GzGqCiRdA7Qhur2VVmKZAkBLfnHFQfx4TaJGL9RMveZqCo48jSHHO0DTgizEnGhtWnqmbtCUSrqSkdiY/0Hg=="],

    "@typescript-eslint/type-utils": ["@typescript-eslint/type-utils@8.65.0", "", { "dependencies": { "@typescript-eslint/types": "8.65.0", "@typescript-eslint/typescript-estree": "8.65.0", "@typescript-eslint/utils": "8.65.0", "debug": "^4.4.3", "ts-api-utils": "^2.5.0" }, "peerDependencies": { "eslint": "^8.57.0 || ^9.0.0 || ^10.0.0", "typescript": ">=4.8.4 <6.1.0" } }, "sha512-YjaZ7PRI5qY7ax2L3PbvX0rRyGtipAReCWs0mhhDBHjH/vl0g0BonaGXrKdKpMbIIsMIwDgbk/xzkBTyAltS5g=="],

    "@typescript-eslint/types": ["@typescript-eslint/types@8.65.0", "", {}, "sha512-JSSwWNy+H0E/01jJEM+hrX6N0OFDzFzeIhHFSAS01tlVaevpG8cFyYRPhS5yjGOvBUx3sqQHVMjCL1CAZZMxBg=="],

    "@typescript-eslint/typescript-estree": ["@typescript-eslint/typescript-estree@8.65.0", "", { "dependencies": { "@typescript-eslint/project-service": "8.65.0", "@typescript-eslint/tsconfig-utils": "8.65.0", "@typescript-eslint/types": "8.65.0", "@typescript-eslint/visitor-keys": "8.65.0", "debug": "^4.4.3", "minimatch": "^10.2.2", "semver": "^7.7.3", "tinyglobby": "^0.2.15", "ts-api-utils": "^2.5.0" }, "peerDependencies": { "typescript": ">=4.8.4 <6.1.0" } }, "sha512-JboAE2swaYt4tb1fHhHTABE2K+OLy09XfcTbhnk4Pw96f9dd2e9iYsJ28gBggHlo5z5x1rkyWvcPoTuNTd4oGg=="],

    "@typescript-eslint/utils": ["@typescript-eslint/utils@8.65.0", "", { "dependencies": { "@eslint-community/eslint-utils": "^4.9.1", "@typescript-eslint/scope-manager": "8.65.0", "@typescript-eslint/types": "8.65.0", "@typescript-eslint/typescript-estree": "8.65.0" }, "peerDependencies": { "eslint": "^8.57.0 || ^9.0.0 || ^10.0.0", "typescript": ">=4.8.4 <6.1.0" } }, "sha512-gXiwIHsYreboxeJucHKPvgwl7dXt50mF8s1/c00cP/WoVTyWKFdtfhRWwZiXYFU5H2O8vVoSLNrexFZjYS/SGA=="],

    "@typescript-eslint/visitor-keys": ["@typescript-eslint/visitor-keys@8.65.0", "", { "dependencies": { "@typescript-eslint/types": "8.65.0", "eslint-visitor-keys": "^5.0.0" } }, "sha512-8C71BQkGjiMmXtop7pHVJu1l2NNShFdkCyD6a2ezzs5vU/L3LRtb69EtcteFwz0mYMPzIgOw0n6OV4VBUWZd7A=="],

    "acorn": ["acorn@8.17.0", "", { "bin": "bin/acorn" }, "sha512-xRQbDb9BnwDafYNn6Vwl839DYVjqXYb1XVGtWAZ1kcDc6iwAL4hg3B1dZlRiuENFeO2H53gFG3in621AdERVAg=="],

    "acorn-jsx": ["acorn-jsx@5.3.2", "", { "peerDependencies": { "acorn": "^6.0.0 || ^7.0.0 || ^8.0.0" } }, "sha512-rq9s+JNhf0IChjtDXxllJ7g41oZk5SlXtp0LHwyA5cejwn7vKmKp4pPri6YEePv2PU65sAsegbXtIinmDFDXgQ=="],

    "ajv": ["ajv@6.15.0", "", { "dependencies": { "fast-deep-equal": "^3.1.1", "fast-json-stable-stringify": "^2.0.0", "json-schema-traverse": "^0.4.1", "uri-js": "^4.2.2" } }, "sha512-fgFx7Hfoq60ytK2c7DhnF8jIvzYgOMxfugjLOSMHjLIPgenqa7S7oaagATUq99mV6IYvN2tRmC0wnTYX6iPbMw=="],

    "balanced-match": ["balanced-match@4.0.4", "", {}, "sha512-BLrgEcRTwX2o6gGxGOCNyMvGSp35YofuYzw9h1IMTRmKqttAZZVU67bdb9Pr2vUHA8+j3i2tJfjO6C6+4myGTA=="],

    "brace-expansion": ["brace-expansion@5.0.7", "", { "dependencies": { "balanced-match": "^4.0.2" } }, "sha512-7oFy703dxfY3/NLxC1fh2SUCQ0H9rmAY+5EpDVfXjUTTs+HEwR2nYaqLv+GWcTsumwxPfiz6CzCNkwXwBUwqCA=="],

    "cross-spawn": ["cross-spawn@7.0.6", "", { "dependencies": { "path-key": "^3.1.0", "shebang-command": "^2.0.0", "which": "^2.0.1" } }, "sha512-uV2QOWP2nWzsy2aMp8aRibhi9dlzF5Hgh5SHaB9OiTGEyDTiJJyx0uy51QXdyWbtAHNua4XJzUKca3OzKUd3vA=="],

    "debug": ["debug@4.4.3", "", { "dependencies": { "ms": "^2.1.3" } }, "sha512-RGwwWnwQvkVfavKVt22FGLw+xYSdzARwm0ru6DhTVA3umU5hZc28V3kO4stgYryrTlLpuvgI9GiijltAjNbcqA=="],

    "deep-is": ["deep-is@0.1.4", "", {}, "sha512-oIPzksmTg4/MriiaYGO+okXDT7ztn/w3Eptv/+gSIdMdKsJo0u4CfYNFJPy+4SKMuCqGw2wxnA+URMg3t8a/bQ=="],

    "escape-string-regexp": ["escape-string-regexp@4.0.0", "", {}, "sha512-TtpcNJ3XAzx3Gq8sWRzJaVajRs0uVxA2YAkdb1jm2YkPz4G6egUFAyA3n5vtEIZefPk5Wa4UXbKuS5fKkJWdgA=="],

    "eslint": ["eslint@10.7.0", "", { "dependencies": { "@eslint-community/eslint-utils": "^4.8.0", "@eslint-community/regexpp": "^4.12.2", "@eslint/config-array": "^0.23.5", "@eslint/config-helpers": "^0.6.0", "@eslint/core": "^1.2.1", "@eslint/plugin-kit": "^0.7.2", "@humanfs/node": "^0.16.6", "@humanwhocodes/module-importer": "^1.0.1", "@humanwhocodes/retry": "^0.4.2", "@types/estree": "^1.0.6", "ajv": "^6.14.0", "cross-spawn": "^7.0.6", "debug": "^4.3.2", "escape-string-regexp": "^4.0.0", "eslint-scope": "^9.1.2", "eslint-visitor-keys": "^5.0.1", "espree": "^11.2.0", "esquery": "^1.7.0", "esutils": "^2.0.2", "fast-deep-equal": "^3.1.3", "file-entry-cache": "^8.0.0", "find-up": "^5.0.0", "glob-parent": "^6.0.2", "ignore": "^5.2.0", "imurmurhash": "^0.1.4", "is-glob": "^4.0.0", "json-stable-stringify-without-jsonify": "^1.0.1", "minimatch": "^10.2.4", "natural-compare": "^1.4.0", "optionator": "^0.9.3" }, "peerDependencies": { "jiti": "*" }, "optionalPeers": ["jiti"], "bin": "bin/eslint.js" }, "sha512-GVTD7s1vdIl6UYvAfriOPeY1Df8LIZjfofLvHwde+erDHGGuHyuM6xoxRxmHiebhYuD2p1vN4wWh0XzPARSGDQ=="],

    "eslint-config-google": ["eslint-config-google@0.14.0", "", { "peerDependencies": { "eslint": ">=5.16.0" } }, "sha512-WsbX4WbjuMvTdeVL6+J3rK1RGhCTqjsFjX7UMSMgZiyxxaNLkoJENbrGExzERFeoTpGw3F3FypTiWAP9ZXzkEw=="],

    "eslint-plugin-promise": ["eslint-plugin-promise@7.3.0", "", { "dependencies": { "@eslint-community/eslint-utils": "^4.4.0" }, "peerDependencies": { "eslint": "^7.0.0 || ^8.0.0 || ^9.0.0 || ^10.0.0" } }, "sha512-6uGiOR0INuujr6PEQmeSSP7GbIMJ/ebEXXiEzb/nOj68LknH5Pxzb/AbZivmr6VE6TkTE8rTjRK9zhKpK6HsRA=="],

    "eslint-scope": ["eslint-scope@9.1.2", "", { "dependencies": { "@types/esrecurse": "^4.3.1", "@types/estree": "^1.0.8", "esrecurse": "^4.3.0", "estraverse": "^5.2.0" } }, "sha512-xS90H51cKw0jltxmvmHy2Iai1LIqrfbw57b79w/J7MfvDfkIkFZ+kj6zC3BjtUwh150HsSSdxXZcsuv72miDFQ=="],

    "eslint-visitor-keys": ["eslint-visitor-keys@5.0.1", "", {}, "sha512-tD40eHxA35h0PEIZNeIjkHoDR4YjjJp34biM0mDvplBe//mB+IHCqHDGV7pxF+7MklTvighcCPPZC7ynWyjdTA=="],

    "espree": ["espree@11.2.0", "", { "dependencies": { "acorn": "^8.16.0", "acorn-jsx": "^5.3.2", "eslint-visitor-keys": "^5.0.1" } }, "sha512-7p3DrVEIopW1B1avAGLuCSh1jubc01H2JHc8B4qqGblmg5gI9yumBgACjWo4JlIc04ufug4xJ3SQI8HkS/Rgzw=="],

    "esquery": ["esquery@1.7.0", "", { "dependencies": { "estraverse": "^5.1.0" } }, "sha512-Ap6G0WQwcU/LHsvLwON1fAQX9Zp0A2Y6Y/cJBl9r/JbW90Zyg4/zbG6zzKa2OTALELarYHmKu0GhpM5EO+7T0g=="],

    "esrecurse": ["esrecurse@4.3.0", "", { "dependencies": { "estraverse": "^5.2.0" } }, "sha512-KmfKL3b6G+RXvP8N1vr3Tq1kL/oCFgn2NYXEtqP8/L3pKapUA4G8cFVaoF3SU323CD4XypR/ffioHmkti6/Tag=="],

    "estraverse": ["estraverse@5.3.0", "", {}, "sha512-MMdARuVEQziNTeJD8DgMqmhwR11BRQ/cBP+pLtYdSTnf3MIO8fFeiINEbX36ZdNlfU/7A9f3gUw49B3oQsvwBA=="],

    "esutils": ["esutils@2.0.3", "", {}, "sha512-kVscqXk4OCp68SZ0dkgEKVi6/8ij300KBWTJq32P/dYeWTSwK41WyTxalN1eRmA5Z9UU/LX9D7FWSmV9SAYx6g=="],

    "fast-deep-equal": ["fast-deep-equal@3.1.3", "", {}, "sha512-f3qQ9oQy9j2AhBe/H9VC91wLmKBCCU/gDOnKNAYG5hswO7BLKj09Hc5HYNz9cGI++xlpDCIgDaitVs03ATR84Q=="],

    "fast-json-stable-stringify": ["fast-json-stable-stringify@2.1.0", "", {}, "sha512-lhd/wF+Lk98HZoTCtlVraHtfh5XYijIjalXck7saUtuanSDyLMxnHhSXEDJqHxD7msR8D0uCmqlkwjCV8xvwHw=="],

    "fast-levenshtein": ["fast-levenshtein@2.0.6", "", {}, "sha512-DCXu6Ifhqcks7TZKY3Hxp3y6qphY5SJZmrWMDrKcERSOXWQdMhU9Ig/PYrzyw/ul9jOIyh0N4M0tbC5hodg8dw=="],

    "fdir": ["fdir@6.5.0", "", { "peerDependencies": { "picomatch": "^3 || ^4" }, "optionalPeers": ["picomatch"] }, "sha512-tIbYtZbucOs0BRGqPJkshJUYdL+SDH7dVM8gjy+ERp3WAUjLEFJE+02kanyHtwjWOnwrKYBiwAmM0p4kLJAnXg=="],

    "file-entry-cache": ["file-entry-cache@8.0.0", "", { "dependencies": { "flat-cache": "^4.0.0" } }, "sha512-XXTUwCvisa5oacNGRP9SfNtYBNAMi+RPwBFmblZEF7N7swHYQS6/Zfk7SRwx4D5j3CH211YNRco1DEMNVfZCnQ=="],

    "find-up": ["find-up@5.0.0", "", { "dependencies": { "locate-path": "^6.0.0", "path-exists": "^4.0.0" } }, "sha512-78/PXT1wlLLDgTzDs7sjq9hzz0vXD+zn+7wypEe4fXQxCmdmqfGsEPQxmiCSQI3ajFV91bVSsvNtrJRiW6nGng=="],

    "flat-cache": ["flat-cache@4.0.1", "", { "dependencies": { "flatted": "^3.2.9", "keyv": "^4.5.4" } }, "sha512-f7ccFPK3SXFHpx15UIGyRJ/FJQctuKZ0zVuN3frBo4HnK3cay9VEW0R6yPYFHC0AgqhukPzKjq22t5DmAyqGyw=="],

    "flatted": ["flatted@3.4.2", "", {}, "sha512-PjDse7RzhcPkIJwy5t7KPWQSZ9cAbzQXcafsetQoD7sOJRQlGikNbx7yZp2OotDnJyrDcbyRq3Ttb18iYOqkxA=="],

    "glob-parent": ["glob-parent@6.0.2", "", { "dependencies": { "is-glob": "^4.0.3" } }, "sha512-XxwI8EOhVQgWp6iDL+3b0r86f4d6AX6zSU55HfB4ydCEuXLXc5FcYeOu+nnGftS4TEju/11rt4KJPTMgbfmv4A=="],

    "ignore": ["ignore@7.0.6", "", {}, "sha512-BAg6QkE8W+TuQLrrw0Ugr7HegXduRuuj8/ti2kSOc+jz1dmx8/WNcjr6XGnq5YpDWxFwwaavqD0+jIUOKelTsw=="],

    "imurmurhash": ["imurmurhash@0.1.4", "", {}, "sha512-JmXMZ6wuvDmLiHEml9ykzqO6lwFbof0GG4IkcGaENdCRDDmMVnny7s5HsIgHCbaq0w2MyPhDqkhTUgS2LU2PHA=="],

    "is-extglob": ["is-extglob@2.1.1", "", {}, "sha512-SbKbANkN603Vi4jEZv49LeVJMn4yGwsbzZworEoyEiutsN3nJYdbO36zfhGJ6QEDpOZIFkDtnq5JRxmvl3jsoQ=="],

    "is-glob": ["is-glob@4.0.3", "", { "dependencies": { "is-extglob": "^2.1.1" } }, "sha512-xelSayHH36ZgE7ZWhli7pW34hNbNl8Ojv5KVmkJD4hBdD3th8Tfk9vYasLM+mXWOZhFkgZfxhLSnrwRr4elSSg=="],

    "isexe": ["isexe@2.0.0", "", {}, "sha512-RHxMLp9lnKHGHRng9QFhRCMbYAcVpn69smSGcq3f36xjgVVWThj4qqLbTLlq7Ssj8B+fIQ1EuCEGI2lKsyQeIw=="],

    "json-buffer": ["json-buffer@3.0.1", "", {}, "sha512-4bV5BfR2mqfQTJm+V5tPPdf+ZpuhiIvTuAB5g8kcrXOZpTT/QwwVRWBywX1ozr6lEuPdbHxwaJlm9G6mI2sfSQ=="],

    "json-schema-traverse": ["json-schema-traverse@0.4.1", "", {}, "sha512-xbbCH5dCYU5T8LcEhhuh7HJ88HXuW3qsI3Y0zOZFKfZEHcpWiHU/Jxzk629Brsab/mMiHQti9wMP+845RPe3Vg=="],

    "json-stable-stringify-without-jsonify": ["json-stable-stringify-without-jsonify@1.0.1", "", {}, "sha512-Bdboy+l7tA3OGW6FjyFHWkP5LuByj1Tk33Ljyq0axyzdk9//JSi2u3fP1QSmd1KNwq6VOKYGlAu87CisVir6Pw=="],

    "keyv": ["keyv@4.5.4", "", { "dependencies": { "json-buffer": "3.0.1" } }, "sha512-oxVHkHR/EJf2CNXnWxRLW6mg7JyCCUcG0DtEGmL2ctUo1PNTin1PUil+r/+4r5MpVgC/fn1kjsx7mjSujKqIpw=="],

    "lefthook": ["lefthook@1.13.6", "", { "optionalDependencies": { "lefthook-darwin-arm64": "1.13.6", "lefthook-darwin-x64": "1.13.6", "lefthook-freebsd-arm64": "1.13.6", "lefthook-freebsd-x64": "1.13.6", "lefthook-linux-arm64": "1.13.6", "lefthook-linux-x64": "1.13.6", "lefthook-openbsd-arm64": "1.13.6", "lefthook-openbsd-x64": "1.13.6", "lefthook-windows-arm64": "1.13.6", "lefthook-windows-x64": "1.13.6" }, "bin": "bin/index.js" }, "sha512-ojj4/4IJ29Xn4drd5emqVgilegAPN3Kf0FQM2p/9+lwSTpU+SZ1v4Ig++NF+9MOa99UKY8bElmVrLhnUUNFh5g=="],

    "lefthook-darwin-arm64": ["lefthook-darwin-arm64@1.13.6", "", { "os": "darwin", "cpu": "arm64" }, "sha512-m6Lb77VGc84/Qo21Lhq576pEvcgFCnvloEiP02HbAHcIXD0RTLy9u2yAInrixqZeaz13HYtdDaI7OBYAAdVt8A=="],

    "lefthook-darwin-x64": ["lefthook-darwin-x64@1.13.6", "", { "os": "darwin", "cpu": "x64" }, "sha512-CoRpdzanu9RK3oXR1vbEJA5LN7iB+c7hP+sONeQJzoOXuq4PNKVtEaN84Gl1BrVtCNLHWFAvCQaZPPiiXSy8qg=="],

    "lefthook-freebsd-arm64": ["lefthook-freebsd-arm64@1.13.6", "", { "os": "freebsd", "cpu": "arm64" }, "sha512-X4A7yfvAJ68CoHTqP+XvQzdKbyd935sYy0bQT6Ajz7FL1g7hFiro8dqHSdPdkwei9hs8hXeV7feyTXbYmfjKQQ=="],

    "lefthook-freebsd-x64": ["lefthook-freebsd-x64@1.13.6", "", { "os": "freebsd", "cpu": "x64" }, "sha512-ai2m+Sj2kGdY46USfBrCqLKe9GYhzeq01nuyDYCrdGISePeZ6udOlD1k3lQKJGQCHb0bRz4St0r5nKDSh1x/2A=="],

    "lefthook-linux-arm64": ["lefthook-linux-arm64@1.13.6", "", { "os": "linux", "cpu": "arm64" }, "sha512-cbo4Wtdq81GTABvikLORJsAWPKAJXE8Q5RXsICFUVznh5PHigS9dFW/4NXywo0+jfFPCT6SYds2zz4tCx6DA0Q=="],

    "lefthook-linux-x64": ["lefthook-linux-x64@1.13.6", "", { "os": "linux", "cpu": "x64" }, "sha512-uJl9vjCIIBTBvMZkemxCE+3zrZHlRO7Oc+nZJ+o9Oea3fu+W82jwX7a7clw8jqNfaeBS+8+ZEQgiMHWCloTsGw=="],

    "lefthook-openbsd-arm64": ["lefthook-openbsd-arm64@1.13.6", "", { "os": "openbsd", "cpu": "arm64" }, "sha512-7r153dxrNRQ9ytRs2PmGKKkYdvZYFPre7My7XToSTiRu5jNCq++++eAKVkoyWPduk97dGIA+YWiEr5Noe0TK2A=="],

    "lefthook-openbsd-x64": ["lefthook-openbsd-x64@1.13.6", "", { "os": "openbsd", "cpu": "x64" }, "sha512-Z+UhLlcg1xrXOidK3aLLpgH7KrwNyWYE3yb7ITYnzJSEV8qXnePtVu8lvMBHs/myzemjBzeIr/U/+ipjclR06g=="],

    "lefthook-windows-arm64": ["lefthook-windows-arm64@1.13.6", "", { "os": "win32", "cpu": "arm64" }, "sha512-Uxef6qoDxCmUNQwk8eBvddYJKSBFglfwAY9Y9+NnnmiHpWTjjYiObE9gT2mvGVpEgZRJVAatBXc+Ha5oDD/OgQ=="],

    "lefthook-windows-x64": ["lefthook-windows-x64@1.13.6", "", { "os": "win32", "cpu": "x64" }, "sha512-mOZoM3FQh3o08M8PQ/b3IYuL5oo36D9ehczIw1dAgp1Ly+Tr4fJ96A+4SEJrQuYeRD4mex9bR7Ps56I73sBSZA=="],

    "levn": ["levn@0.4.1", "", { "dependencies": { "prelude-ls": "^1.2.1", "type-check": "~0.4.0" } }, "sha512-+bT2uH4E5LGE7h/n3evcS/sQlJXCpIp6ym8OWJ5eV6+67Dsql/LaaT7qJBAt2rzfoa/5QBGBhxDix1dMt2kQKQ=="],

    "locate-path": ["locate-path@6.0.0", "", { "dependencies": { "p-locate": "^5.0.0" } }, "sha512-iPZK6eYjbxRu3uB4/WZ3EsEIMJFMqAoopl3R+zuq0UjcAm/MO6KCweDgPfP3elTztoKP3KtnVHxTn2NHBSDVUw=="],

    "minimatch": ["minimatch@10.2.5", "", { "dependencies": { "brace-expansion": "^5.0.5" } }, "sha512-MULkVLfKGYDFYejP07QOurDLLQpcjk7Fw+7jXS2R2czRQzR56yHRveU5NDJEOviH+hETZKSkIk5c+T23GjFUMg=="],

    "ms": ["ms@2.1.3", "", {}, "sha512-6FlzubTLZG3J2a/NVCAleEhjzq5oxgHyaCU9yYXvcLsvoVaHJq/s5xXI6/XXP6tz7R9xAOtHnSO/tXtF3WRTlA=="],

    "natural-compare": ["natural-compare@1.4.0", "", {}, "sha512-OWND8ei3VtNC9h7V60qff3SVobHr996CTwgxubgyQYEpg290h9J0buyECNNJexkFm5sOajh5G116RYA1c8ZMSw=="],

    "optionator": ["optionator@0.9.4", "", { "dependencies": { "deep-is": "^0.1.3", "fast-levenshtein": "^2.0.6", "levn": "^0.4.1", "prelude-ls": "^1.2.1", "type-check": "^0.4.0", "word-wrap": "^1.2.5" } }, "sha512-6IpQ7mKUxRcZNLIObR0hz7lxsapSSIYNZJwXPGeF0mTVqGKFIXj1DQcMoT22S3ROcLyY/rz0PWaWZ9ayWmad9g=="],

    "oxlint": ["oxlint@1.78.0", "", { "optionalDependencies": { "@oxlint/binding-android-arm-eabi": "1.78.0", "@oxlint/binding-android-arm64": "1.78.0", "@oxlint/binding-darwin-arm64": "1.78.0", "@oxlint/binding-darwin-x64": "1.78.0", "@oxlint/binding-freebsd-x64": "1.78.0", "@oxlint/binding-linux-arm-gnueabihf": "1.78.0", "@oxlint/binding-linux-arm-musleabihf": "1.78.0", "@oxlint/binding-linux-arm64-gnu": "1.78.0", "@oxlint/binding-linux-arm64-musl": "1.78.0", "@oxlint/binding-linux-ppc64-gnu": "1.78.0", "@oxlint/binding-linux-riscv64-gnu": "1.78.0", "@oxlint/binding-linux-riscv64-musl": "1.78.0", "@oxlint/binding-linux-s390x-gnu": "1.78.0", "@oxlint/binding-linux-x64-gnu": "1.78.0", "@oxlint/binding-linux-x64-musl": "1.78.0", "@oxlint/binding-openharmony-arm64": "1.78.0", "@oxlint/binding-win32-arm64-msvc": "1.78.0", "@oxlint/binding-win32-ia32-msvc": "1.78.0", "@oxlint/binding-win32-x64-msvc": "1.78.0" }, "peerDependencies": { "oxlint-tsgolint": ">=7.0.2001", "vite-plus": "*" }, "optionalPeers": ["oxlint-tsgolint", "vite-plus"], "bin": { "oxlint": "bin/oxlint" } }, "sha512-QgQePuxIqKOzo1KSjG2EnITEeWvWnKAm77eq8nrMtf6AGoA+zyGc4PFYtDNJSD25g/ibOwfQ851hZ4/SPkMVoA=="],

    "p-limit": ["p-limit@3.1.0", "", { "dependencies": { "yocto-queue": "^0.1.0" } }, "sha512-TYOanM3wGwNGsZN2cVTYPArw454xnXj5qmWF1bEoAc4+cU/ol7GVh7odevjp1FNHduHc3KZMcFduxU5Xc6uJRQ=="],

    "p-locate": ["p-locate@5.0.0", "", { "dependencies": { "p-limit": "^3.0.2" } }, "sha512-LaNjtRWUBY++zB5nE/NwcaoMylSPk+S+ZHNB1TzdbMJMny6dynpAGt7X/tl/QYq3TIeE6nxHppbo2LGymrG5Pw=="],

    "path-exists": ["path-exists@4.0.0", "", {}, "sha512-ak9Qy5Q7jYb2Wwcey5Fpvg2KoAc/ZIhLSLOSBmRmygPsGwkVVt0fZa0qrtMz+m6tJTAHfZQ8FnmB4MG4LWy7/w=="],

    "path-key": ["path-key@3.1.1", "", {}, "sha512-ojmeN0qd+y0jszEtoY48r0Peq5dwMEkIlCOu6Q5f41lfkswXuKtYrhgoTpLnyIcHm24Uhqx+5Tqm2InSwLhE6Q=="],

    "picomatch": ["picomatch@4.0.5", "", {}, "sha512-RvwwcruNjI1ncT5xRakeyS9Lf8lcItv34KD+aif+VH9kduAyfYBipGh12274xtenIPZ119/R9BdTBa8gAwSh0A=="],

    "prelude-ls": ["prelude-ls@1.2.1", "", {}, "sha512-vkcDPrRZo1QZLbn5RLGPpg/WmIQ65qoWWhcGKf/b5eplkkarX0m9z8ppCat4mlOqUsWpyNuYgO3VRyrYHSzX5g=="],

    "punycode": ["punycode@2.3.1", "", {}, "sha512-vYt7UD1U9Wg6138shLtLOvdAu+8DsC/ilFtEVHcH+wydcSpNE20AfSOduf6MkRFahL5FY7X1oU7nKVZFtfq8Fg=="],

    "semver": ["semver@7.8.5", "", { "bin": "bin/semver.js" }, "sha512-Y7/KDsb8LjooZpwaqGyulO6DQlksgCncchHGk+sZIY4SBvUocMBEFH5Ur1fI4dV+Jvl0w6cjvucaIi40puRioA=="],

    "shebang-command": ["shebang-command@2.0.0", "", { "dependencies": { "shebang-regex": "^3.0.0" } }, "sha512-kHxr2zZpYtdmrN1qDjrrX/Z1rR1kG8Dx+gkpK1G4eXmvXswmcE1hTWBWYUzlraYw1/yZp6YuDY77YtvbN0dmDA=="],

    "shebang-regex": ["shebang-regex@3.0.0", "", {}, "sha512-7++dFhtcx3353uBaq8DDR4NuxBetBzC7ZQOhmTQInHEd6bSrXdiEyzCvG07Z44UYdLShWUyXt5M/yhz8ekcb1A=="],

    "tinyglobby": ["tinyglobby@0.2.17", "", { "dependencies": { "fdir": "^6.5.0", "picomatch": "^4.0.4" } }, "sha512-wXR/dYpcqKmfWpEdZjiKJOwCNFndD0DMnrW/cYjVGttEkBfVgcLFHoNrlj47mjOVic9yyNu65alsgF4NQyTa2g=="],

    "ts-api-utils": ["ts-api-utils@2.5.0", "", { "peerDependencies": { "typescript": ">=4.8.4" } }, "sha512-OJ/ibxhPlqrMM0UiNHJ/0CKQkoKF243/AEmplt3qpRgkW8VG7IfOS41h7V8TjITqdByHzrjcS/2si+y4lIh8NA=="],

    "type-check": ["type-check@0.4.0", "", { "dependencies": { "prelude-ls": "^1.2.1" } }, "sha512-XleUoc9uwGXqjWwXaUTZAmzMcFZ5858QA2vvx1Ur5xIcixXIP+8LnFDgRplU30us6teqdlskFfu+ae4K79Ooew=="],

    "typescript": ["typescript@6.0.3", "", { "bin": { "tsc": "bin/tsc", "tsserver": "bin/tsserver" } }, "sha512-y2TvuxSZPDyQakkFRPZHKFm+KKVqIisdg9/CZwm9ftvKXLP8NRWj38/ODjNbr43SsoXqNuAisEf1GdCxqWcdBw=="],

    "uri-js": ["uri-js@4.4.1", "", { "dependencies": { "punycode": "^2.1.0" } }, "sha512-7rKUyy33Q1yc98pQ1DAmLtwX109F7TIfWlW1Ydo8Wl1ii1SeHieeh0HHfPeL2fMXK6z0s8ecKs9frCuLJvndBg=="],

    "which": ["which@2.0.2", "", { "dependencies": { "isexe": "^2.0.0" }, "bin": { "node-which": "bin/node-which" } }, "sha512-BLI3Tl1TW3Pvl70l3yq3Y64i+awpwXqsGBYWkkqMtnbXgrMD+yj7rhW0kuEDxzJaYXGjEW5ogapKNMEKNMjibA=="],

    "word-wrap": ["word-wrap@1.2.5", "", {}, "sha512-BN22B5eaMMI9UMtjrGd5g5eCYPpCPDUy0FJXbYsaT5zYxjFOckS53SQDE3pWkVoWpHXVb3BrYcEN4Twa55B5cA=="],

    "yocto-queue": ["yocto-queue@0.1.0", "", {}, "sha512-rVksvsnNCdJ/ohGc6xgPwyN8eheCxsiLM8mxuE/t/mOVqJewPuO1miLpTHQiRgTKCLexL4MeAFVagts7HmNZ2Q=="],

    "@eslint-community/eslint-utils/eslint-visitor-keys": ["eslint-visitor-keys@3.4.3", "", {}, "sha512-wpc+LXeiyiisxPlEkUzU6svyS1frIO3Mgxj1fdy7Pm8Ygzguax2N3Fa/D/ag1WqbOprdI+uY6wMUl8/a2G+iag=="],

    "eslint/ignore": ["ignore@5.3.2", "", {}, "sha512-hsBTNUqQTDwkWtcdYI2i06Y/nUBEsNEDJKjWdigLvegy8kDuJAS8uRlpkkcQpyEXL0Z/pjDy5HBmMjRCJ2gq+g=="],
  }
}
